
Microsoft Visual Studio Solution File, Format Version 12.00
# Visual Studio Version 17
VisualStudioVersion = 17.1.31911.260
MinimumVisualStudioVersion = 10.0.40219.1
Project("{2150E333-8FDC-42A3-9474-1A3956D46DE8}") = "Solution Items", "Solution Items", "{1305ED40-C0EE-4537-956E-ECB59DE532A6}"
	ProjectSection(SolutionItems) = preProject
		.editorconfig = .editorconfig
	EndProjectSection
EndProject
Project("{9A19103F-16F7-4668-BE54-9A1E7A4F7556}") = "ProjectAjax", "ProjectAjax\ProjectAjax.csproj", "{0D8CE7DC-D892-4967-9A73-ECEF3690C0A3}"
EndProject
Global
	GlobalSection(SolutionConfigurationPlatforms) = preSolution
		Debug|Any CPU = Debug|Any CPU
		Release|Any CPU = Release|Any CPU
	EndGlobalSection
	GlobalSection(ProjectConfigurationPlatforms) = postSolution
		{0D8CE7DC-D892-4967-9A73-ECEF3690C0A3}.Debug|Any CPU.ActiveCfg = Debug|Any CPU
		{0D8CE7DC-D892-4967-9A73-ECEF3690C0A3}.Debug|Any CPU.Build.0 = Debug|Any CPU
		{0D8CE7DC-D892-4967-9A73-ECEF3690C0A3}.Release|Any CPU.ActiveCfg = Release|Any CPU
		{0D8CE7DC-D892-4967-9A73-ECEF3690C0A3}.Release|Any CPU.Build.0 = Release|Any CPU
	EndGlobalSection
	GlobalSection(SolutionProperties) = preSolution
		HideSolutionNode = FALSE
	EndGlobalSection
	GlobalSection(ExtensibilityGlobals) = postSolution
		SolutionGuid = {2E0DB90D-8E22-4425-9708-3B28BA386273}
	EndGlobalSection
EndGlobal
